
Microsoft Visual Studio Solution File, Format Version 12.00
# Visual Studio 14
VisualStudioVersion = 14.0.25123.0
MinimumVisualStudioVersion = 10.0.40219.1
Project("{FAE04EC0-301F-11D3-BF4B-00C04F79EFBC}") = "AgendaNotas.Droid", "AgendaNotas\AgendaNotas.Droid\AgendaNotas.Droid.csproj", "{A6CE01A3-1701-453D-AF54-3A4BEFE5F411}"
EndProject
Project("{FAE04EC0-301F-11D3-BF4B-00C04F79EFBC}") = "AgendaNotas.iOS", "AgendaNotas\AgendaNotas.iOS\AgendaNotas.iOS.csproj", "{F3DBCFE9-7E03-4DF2-BA54-18E995AF4050}"
EndProject
Project("{FAE04EC0-301F-11D3-BF4B-00C04F79EFBC}") = "AgendaNotas.WinPhone", "AgendaNotas\AgendaNotas.WinPhone\AgendaNotas.WinPhone.csproj", "{D90AC6CB-8687-4256-9832-CA7D1AC7FB91}"
EndProject
Project("{FAE04EC0-301F-11D3-BF4B-00C04F79EFBC}") = "AgendaNotas.UWP", "AgendaNotas\AgendaNotas.UWP\AgendaNotas.UWP.csproj", "{50D6341F-D18E-46B5-9DDD-D1F12FD9AA04}"
EndProject
Project("{FAE04EC0-301F-11D3-BF4B-00C04F79EFBC}") = "AgendaNotas.Windows", "AgendaNotas\AgendaNotas.Windows\AgendaNotas.Windows.csproj", "{10460848-EE07-489C-B2E5-DF5CAB01300F}"
EndProject
Project("{D954291E-2A0B-460D-934E-DC6B0785DB48}") = "AgendaNotas", "AgendaNotas\AgendaNotas\AgendaNotas.shproj", "{2EB6EFC3-3E15-4720-8CC7-4B536FB4CD1A}"
EndProject
Global
	GlobalSection(SharedMSBuildProjectFiles) = preSolution
		AgendaNotas\AgendaNotas\AgendaNotas.projitems*{a6ce01a3-1701-453d-af54-3a4befe5f411}*SharedItemsImports = 4
		AgendaNotas\AgendaNotas\AgendaNotas.projitems*{d90ac6cb-8687-4256-9832-ca7d1ac7fb91}*SharedItemsImports = 4
		AgendaNotas\AgendaNotas\AgendaNotas.projitems*{f3dbcfe9-7e03-4df2-ba54-18e995af4050}*SharedItemsImports = 4
		AgendaNotas\AgendaNotas\AgendaNotas.projitems*{10460848-ee07-489c-b2e5-df5cab01300f}*SharedItemsImports = 4
		AgendaNotas\AgendaNotas\AgendaNotas.projitems*{50d6341f-d18e-46b5-9ddd-d1f12fd9aa04}*SharedItemsImports = 4
		AgendaNotas\AgendaNotas\AgendaNotas.projitems*{2eb6efc3-3e15-4720-8cc7-4b536fb4cd1a}*SharedItemsImports = 13
	EndGlobalSection
	GlobalSection(SolutionConfigurationPlatforms) = preSolution
		Ad-Hoc|Any CPU = Ad-Hoc|Any CPU
		Ad-Hoc|ARM = Ad-Hoc|ARM
		Ad-Hoc|iPhone = Ad-Hoc|iPhone
		Ad-Hoc|iPhoneSimulator = Ad-Hoc|iPhoneSimulator
		Ad-Hoc|x64 = Ad-Hoc|x64
		Ad-Hoc|x86 = Ad-Hoc|x86
		AppStore|Any CPU = AppStore|Any CPU
		AppStore|ARM = AppStore|ARM
		AppStore|iPhone = AppStore|iPhone
		AppStore|iPhoneSimulator = AppStore|iPhoneSimulator
		AppStore|x64 = AppStore|x64
		AppStore|x86 = AppStore|x86
		Debug|Any CPU = Debug|Any CPU
		Debug|ARM = Debug|ARM
		Debug|iPhone = Debug|iPhone
		Debug|iPhoneSimulator = Debug|iPhoneSimulator
		Debug|x64 = Debug|x64
		Debug|x86 = Debug|x86
		Release|Any CPU = Release|Any CPU
		Release|ARM = Release|ARM
		Release|iPhone = Release|iPhone
		Release|iPhoneSimulator = Release|iPhoneSimulator
		Release|x64 = Release|x64
		Release|x86 = Release|x86
	EndGlobalSection
	GlobalSection(ProjectConfigurationPlatforms) = postSolution
		{A6CE01A3-1701-453D-AF54-3A4BEFE5F411}.Ad-Hoc|Any CPU.ActiveCfg = Release|Any CPU
		{A6CE01A3-1701-453D-AF54-3A4BEFE5F411}.Ad-Hoc|Any CPU.Build.0 = Release|Any CPU
		{A6CE01A3-1701-453D-AF54-3A4BEFE5F411}.Ad-Hoc|Any CPU.Deploy.0 = Release|Any CPU
		{A6CE01A3-1701-453D-AF54-3A4BEFE5F411}.Ad-Hoc|ARM.ActiveCfg = Release|Any CPU
		{A6CE01A3-1701-453D-AF54-3A4BEFE5F411}.Ad-Hoc|ARM.Build.0 = Release|Any CPU
		{A6CE01A3-1701-453D-AF54-3A4BEFE5F411}.Ad-Hoc|ARM.Deploy.0 = Release|Any CPU
		{A6CE01A3-1701-453D-AF54-3A4BEFE5F411}.Ad-Hoc|iPhone.ActiveCfg = Release|Any CPU
		{A6CE01A3-1701-453D-AF54-3A4BEFE5F411}.Ad-Hoc|iPhone.Build.0 = Release|Any CPU
		{A6CE01A3-1701-453D-AF54-3A4BEFE5F411}.Ad-Hoc|iPhone.Deploy.0 = Release|Any CPU
		{A6CE01A3-1701-453D-AF54-3A4BEFE5F411}.Ad-Hoc|iPhoneSimulator.ActiveCfg = Release|Any CPU
		{A6CE01A3-1701-453D-AF54-3A4BEFE5F411}.Ad-Hoc|iPhoneSimulator.Build.0 = Release|Any CPU
		{A6CE01A3-1701-453D-AF54-3A4BEFE5F411}.Ad-Hoc|iPhoneSimulator.Deploy.0 = Release|Any CPU
		{A6CE01A3-1701-453D-AF54-3A4BEFE5F411}.Ad-Hoc|x64.ActiveCfg = Release|Any CPU
		{A6CE01A3-1701-453D-AF54-3A4BEFE5F411}.Ad-Hoc|x64.Build.0 = Release|Any CPU
		{A6CE01A3-1701-453D-AF54-3A4BEFE5F411}.Ad-Hoc|x64.Deploy.0 = Release|Any CPU
		{A6CE01A3-1701-453D-AF54-3A4BEFE5F411}.Ad-Hoc|x86.ActiveCfg = Release|Any CPU
		{A6CE01A3-1701-453D-AF54-3A4BEFE5F411}.Ad-Hoc|x86.Build.0 = Release|Any CPU
		{A6CE01A3-1701-453D-AF54-3A4BEFE5F411}.Ad-Hoc|x86.Deploy.0 = Release|Any CPU
		{A6CE01A3-1701-453D-AF54-3A4BEFE5F411}.AppStore|Any CPU.ActiveCfg = Release|Any CPU
		{A6CE01A3-1701-453D-AF54-3A4BEFE5F411}.AppStore|Any CPU.Build.0 = Release|Any CPU
		{A6CE01A3-1701-453D-AF54-3A4BEFE5F411}.AppStore|Any CPU.Deploy.0 = Release|Any CPU
		{A6CE01A3-1701-453D-AF54-3A4BEFE5F411}.AppStore|ARM.ActiveCfg = Release|Any CPU
		{A6CE01A3-1701-453D-AF54-3A4BEFE5F411}.AppStore|ARM.Build.0 = Release|Any CPU
		{A6CE01A3-1701-453D-AF54-3A4BEFE5F411}.AppStore|ARM.Deploy.0 = Release|Any CPU
		{A6CE01A3-1701-453D-AF54-3A4BEFE5F411}.AppStore|iPhone.ActiveCfg = Release|Any CPU
		{A6CE01A3-1701-453D-AF54-3A4BEFE5F411}.AppStore|iPhone.Build.0 = Release|Any CPU
		{A6CE01A3-1701-453D-AF54-3A4BEFE5F411}.AppStore|iPhone.Deploy.0 = Release|Any CPU
		{A6CE01A3-1701-453D-AF54-3A4BEFE5F411}.AppStore|iPhoneSimulator.ActiveCfg = Release|Any CPU
		{A6CE01A3-1701-453D-AF54-3A4BEFE5F411}.AppStore|iPhoneSimulator.Build.0 = Release|Any CPU
		{A6CE01A3-1701-453D-AF54-3A4BEFE5F411}.AppStore|iPhoneSimulator.Deploy.0 = Release|Any CPU
		{A6CE01A3-1701-453D-AF54-3A4BEFE5F411}.AppStore|x64.ActiveCfg = Release|Any CPU
		{A6CE01A3-1701-453D-AF54-3A4BEFE5F411}.AppStore|x64.Build.0 = Release|Any CPU
		{A6CE01A3-1701-453D-AF54-3A4BEFE5F411}.AppStore|x64.Deploy.0 = Release|Any CPU
		{A6CE01A3-1701-453D-AF54-3A4BEFE5F411}.AppStore|x86.ActiveCfg = Release|Any CPU
		{A6CE01A3-1701-453D-AF54-3A4BEFE5F411}.AppStore|x86.Build.0 = Release|Any CPU
		{A6CE01A3-1701-453D-AF54-3A4BEFE5F411}.AppStore|x86.Deploy.0 = Release|Any CPU
		{A6CE01A3-1701-453D-AF54-3A4BEFE5F411}.Debug|Any CPU.ActiveCfg = Debug|Any CPU
		{A6CE01A3-1701-453D-AF54-3A4BEFE5F411}.Debug|Any CPU.Build.0 = Debug|Any CPU
		{A6CE01A3-1701-453D-AF54-3A4BEFE5F411}.Debug|Any CPU.Deploy.0 = Debug|Any CPU
		{A6CE01A3-1701-453D-AF54-3A4BEFE5F411}.Debug|ARM.ActiveCfg = Debug|Any CPU
		{A6CE01A3-1701-453D-AF54-3A4BEFE5F411}.Debug|ARM.Build.0 = Debug|Any CPU
		{A6CE01A3-1701-453D-AF54-3A4BEFE5F411}.Debug|ARM.Deploy.0 = Debug|Any CPU
		{A6CE01A3-1701-453D-AF54-3A4BEFE5F411}.Debug|iPhone.ActiveCfg = Debug|Any CPU
		{A6CE01A3-1701-453D-AF54-3A4BEFE5F411}.Debug|iPhone.Build.0 = Debug|Any CPU
		{A6CE01A3-1701-453D-AF54-3A4BEFE5F411}.Debug|iPhone.Deploy.0 = Debug|Any CPU
		{A6CE01A3-1701-453D-AF54-3A4BEFE5F411}.Debug|iPhoneSimulator.ActiveCfg = Debug|Any CPU
		{A6CE01A3-1701-453D-AF54-3A4BEFE5F411}.Debug|iPhoneSimulator.Build.0 = Debug|Any CPU
		{A6CE01A3-1701-453D-AF54-3A4BEFE5F411}.Debug|iPhoneSimulator.Deploy.0 = Debug|Any CPU
		{A6CE01A3-1701-453D-AF54-3A4BEFE5F411}.Debug|x64.ActiveCfg = Debug|Any CPU
		{A6CE01A3-1701-453D-AF54-3A4BEFE5F411}.Debug|x64.Build.0 = Debug|Any CPU
		{A6CE01A3-1701-453D-AF54-3A4BEFE5F411}.Debug|x64.Deploy.0 = Debug|Any CPU
		{A6CE01A3-1701-453D-AF54-3A4BEFE5F411}.Debug|x86.ActiveCfg = Debug|Any CPU
		{A6CE01A3-1701-453D-AF54-3A4BEFE5F411}.Debug|x86.Build.0 = Debug|Any CPU
		{A6CE01A3-1701-453D-AF54-3A4BEFE5F411}.Debug|x86.Deploy.0 = Debug|Any CPU
		{A6CE01A3-1701-453D-AF54-3A4BEFE5F411}.Release|Any CPU.ActiveCfg = Release|Any CPU
		{A6CE01A3-1701-453D-AF54-3A4BEFE5F411}.Release|Any CPU.Build.0 = Release|Any CPU
		{A6CE01A3-1701-453D-AF54-3A4BEFE5F411}.Release|Any CPU.Deploy.0 = Release|Any CPU
		{A6CE01A3-1701-453D-AF54-3A4BEFE5F411}.Release|ARM.ActiveCfg = Release|Any CPU
		{A6CE01A3-1701-453D-AF54-3A4BEFE5F411}.Release|ARM.Build.0 = Release|Any CPU
		{A6CE01A3-1701-453D-AF54-3A4BEFE5F411}.Release|ARM.Deploy.0 = Release|Any CPU
		{A6CE01A3-1701-453D-AF54-3A4BEFE5F411}.Release|iPhone.ActiveCfg = Release|Any CPU
		{A6CE01A3-1701-453D-AF54-3A4BEFE5F411}.Release|iPhone.Build.0 = Release|Any CPU
		{A6CE01A3-1701-453D-AF54-3A4BEFE5F411}.Release|iPhone.Deploy.0 = Release|Any CPU
		{A6CE01A3-1701-453D-AF54-3A4BEFE5F411}.Release|iPhoneSimulator.ActiveCfg = Release|Any CPU
		{A6CE01A3-1701-453D-AF54-3A4BEFE5F411}.Release|iPhoneSimulator.Build.0 = Release|Any CPU
		{A6CE01A3-1701-453D-AF54-3A4BEFE5F411}.Release|iPhoneSimulator.Deploy.0 = Release|Any CPU
		{A6CE01A3-1701-453D-AF54-3A4BEFE5F411}.Release|x64.ActiveCfg = Release|Any CPU
		{A6CE01A3-1701-453D-AF54-3A4BEFE5F411}.Release|x64.Build.0 = Release|Any CPU
		{A6CE01A3-1701-453D-AF54-3A4BEFE5F411}.Release|x64.Deploy.0 = Release|Any CPU
		{A6CE01A3-1701-453D-AF54-3A4BEFE5F411}.Release|x86.ActiveCfg = Release|Any CPU
		{A6CE01A3-1701-453D-AF54-3A4BEFE5F411}.Release|x86.Build.0 = Release|Any CPU
		{A6CE01A3-1701-453D-AF54-3A4BEFE5F411}.Release|x86.Deploy.0 = Release|Any CPU
		{F3DBCFE9-7E03-4DF2-BA54-18E995AF4050}.Ad-Hoc|Any CPU.ActiveCfg = Ad-Hoc|iPhone
		{F3DBCFE9-7E03-4DF2-BA54-18E995AF4050}.Ad-Hoc|ARM.ActiveCfg = Ad-Hoc|iPhone
		{F3DBCFE9-7E03-4DF2-BA54-18E995AF4050}.Ad-Hoc|iPhone.ActiveCfg = Ad-Hoc|iPhone
		{F3DBCFE9-7E03-4DF2-BA54-18E995AF4050}.Ad-Hoc|iPhone.Build.0 = Ad-Hoc|iPhone
		{F3DBCFE9-7E03-4DF2-BA54-18E995AF4050}.Ad-Hoc|iPhoneSimulator.ActiveCfg = Ad-Hoc|iPhoneSimulator
		{F3DBCFE9-7E03-4DF2-BA54-18E995AF4050}.Ad-Hoc|iPhoneSimulator.Build.0 = Ad-Hoc|iPhoneSimulator
		{F3DBCFE9-7E03-4DF2-BA54-18E995AF4050}.Ad-Hoc|x64.ActiveCfg = Ad-Hoc|iPhone
		{F3DBCFE9-7E03-4DF2-BA54-18E995AF4050}.Ad-Hoc|x86.ActiveCfg = Ad-Hoc|iPhone
		{F3DBCFE9-7E03-4DF2-BA54-18E995AF4050}.AppStore|Any CPU.ActiveCfg = AppStore|iPhone
		{F3DBCFE9-7E03-4DF2-BA54-18E995AF4050}.AppStore|ARM.ActiveCfg = AppStore|iPhone
		{F3DBCFE9-7E03-4DF2-BA54-18E995AF4050}.AppStore|iPhone.ActiveCfg = AppStore|iPhone
		{F3DBCFE9-7E03-4DF2-BA54-18E995AF4050}.AppStore|iPhone.Build.0 = AppStore|iPhone
		{F3DBCFE9-7E03-4DF2-BA54-18E995AF4050}.AppStore|iPhoneSimulator.ActiveCfg = AppStore|iPhoneSimulator
		{F3DBCFE9-7E03-4DF2-BA54-18E995AF4050}.AppStore|iPhoneSimulator.Build.0 = AppStore|iPhoneSimulator
		{F3DBCFE9-7E03-4DF2-BA54-18E995AF4050}.AppStore|x64.ActiveCfg = AppStore|iPhone
		{F3DBCFE9-7E03-4DF2-BA54-18E995AF4050}.AppStore|x86.ActiveCfg = AppStore|iPhone
		{F3DBCFE9-7E03-4DF2-BA54-18E995AF4050}.Debug|Any CPU.ActiveCfg = Debug|iPhone
		{F3DBCFE9-7E03-4DF2-BA54-18E995AF4050}.Debug|ARM.ActiveCfg = Debug|iPhone
		{F3DBCFE9-7E03-4DF2-BA54-18E995AF4050}.Debug|iPhone.ActiveCfg = Debug|iPhone
		{F3DBCFE9-7E03-4DF2-BA54-18E995AF4050}.Debug|iPhone.Build.0 = Debug|iPhone
		{F3DBCFE9-7E03-4DF2-BA54-18E995AF4050}.Debug|iPhoneSimulator.ActiveCfg = Debug|iPhoneSimulator
		{F3DBCFE9-7E03-4DF2-BA54-18E995AF4050}.Debug|iPhoneSimulator.Build.0 = Debug|iPhoneSimulator
		{F3DBCFE9-7E03-4DF2-BA54-18E995AF4050}.Debug|x64.ActiveCfg = Debug|iPhone
		{F3DBCFE9-7E03-4DF2-BA54-18E995AF4050}.Debug|x86.ActiveCfg = Debug|iPhone
		{F3DBCFE9-7E03-4DF2-BA54-18E995AF4050}.Release|Any CPU.ActiveCfg = Release|iPhone
		{F3DBCFE9-7E03-4DF2-BA54-18E995AF4050}.Release|ARM.ActiveCfg = Release|iPhone
		{F3DBCFE9-7E03-4DF2-BA54-18E995AF4050}.Release|iPhone.ActiveCfg = Release|iPhone
		{F3DBCFE9-7E03-4DF2-BA54-18E995AF4050}.Release|iPhone.Build.0 = Release|iPhone
		{F3DBCFE9-7E03-4DF2-BA54-18E995AF4050}.Release|iPhoneSimulator.ActiveCfg = Release|iPhoneSimulator
		{F3DBCFE9-7E03-4DF2-BA54-18E995AF4050}.Release|iPhoneSimulator.Build.0 = Release|iPhoneSimulator
		{F3DBCFE9-7E03-4DF2-BA54-18E995AF4050}.Release|x64.ActiveCfg = Release|iPhone
		{F3DBCFE9-7E03-4DF2-BA54-18E995AF4050}.Release|x86.ActiveCfg = Release|iPhone
		{D90AC6CB-8687-4256-9832-CA7D1AC7FB91}.Ad-Hoc|Any CPU.ActiveCfg = Release|Any CPU
		{D90AC6CB-8687-4256-9832-CA7D1AC7FB91}.Ad-Hoc|Any CPU.Build.0 = Release|Any CPU
		{D90AC6CB-8687-4256-9832-CA7D1AC7FB91}.Ad-Hoc|Any CPU.Deploy.0 = Release|Any CPU
		{D90AC6CB-8687-4256-9832-CA7D1AC7FB91}.Ad-Hoc|ARM.ActiveCfg = Release|ARM
		{D90AC6CB-8687-4256-9832-CA7D1AC7FB91}.Ad-Hoc|ARM.Build.0 = Release|ARM
		{D90AC6CB-8687-4256-9832-CA7D1AC7FB91}.Ad-Hoc|ARM.Deploy.0 = Release|ARM
		{D90AC6CB-8687-4256-9832-CA7D1AC7FB91}.Ad-Hoc|iPhone.ActiveCfg = Release|Any CPU
		{D90AC6CB-8687-4256-9832-CA7D1AC7FB91}.Ad-Hoc|iPhone.Build.0 = Release|Any CPU
		{D90AC6CB-8687-4256-9832-CA7D1AC7FB91}.Ad-Hoc|iPhone.Deploy.0 = Release|Any CPU
		{D90AC6CB-8687-4256-9832-CA7D1AC7FB91}.Ad-Hoc|iPhoneSimulator.ActiveCfg = Release|Any CPU
		{D90AC6CB-8687-4256-9832-CA7D1AC7FB91}.Ad-Hoc|iPhoneSimulator.Build.0 = Release|Any CPU
		{D90AC6CB-8687-4256-9832-CA7D1AC7FB91}.Ad-Hoc|iPhoneSimulator.Deploy.0 = Release|Any CPU
		{D90AC6CB-8687-4256-9832-CA7D1AC7FB91}.Ad-Hoc|x64.ActiveCfg = Release|Any CPU
		{D90AC6CB-8687-4256-9832-CA7D1AC7FB91}.Ad-Hoc|x64.Build.0 = Release|Any CPU
		{D90AC6CB-8687-4256-9832-CA7D1AC7FB91}.Ad-Hoc|x64.Deploy.0 = Release|Any CPU
		{D90AC6CB-8687-4256-9832-CA7D1AC7FB91}.Ad-Hoc|x86.ActiveCfg = Release|x86
		{D90AC6CB-8687-4256-9832-CA7D1AC7FB91}.Ad-Hoc|x86.Build.0 = Release|x86
		{D90AC6CB-8687-4256-9832-CA7D1AC7FB91}.Ad-Hoc|x86.Deploy.0 = Release|x86
		{D90AC6CB-8687-4256-9832-CA7D1AC7FB91}.AppStore|Any CPU.ActiveCfg = Release|Any CPU
		{D90AC6CB-8687-4256-9832-CA7D1AC7FB91}.AppStore|Any CPU.Build.0 = Release|Any CPU
		{D90AC6CB-8687-4256-9832-CA7D1AC7FB91}.AppStore|Any CPU.Deploy.0 = Release|Any CPU
		{D90AC6CB-8687-4256-9832-CA7D1AC7FB91}.AppStore|ARM.ActiveCfg = Release|ARM
		{D90AC6CB-8687-4256-9832-CA7D1AC7FB91}.AppStore|ARM.Build.0 = Release|ARM
		{D90AC6CB-8687-4256-9832-CA7D1AC7FB91}.AppStore|ARM.Deploy.0 = Release|ARM
		{D90AC6CB-8687-4256-9832-CA7D1AC7FB91}.AppStore|iPhone.ActiveCfg = Release|Any CPU
		{D90AC6CB-8687-4256-9832-CA7D1AC7FB91}.AppStore|iPhone.Build.0 = Release|Any CPU
		{D90AC6CB-8687-4256-9832-CA7D1AC7FB91}.AppStore|iPhone.Deploy.0 = Release|Any CPU
		{D90AC6CB-8687-4256-9832-CA7D1AC7FB91}.AppStore|iPhoneSimulator.ActiveCfg = Release|Any CPU
		{D90AC6CB-8687-4256-9832-CA7D1AC7FB91}.AppStore|iPhoneSimulator.Build.0 = Release|Any CPU
		{D90AC6CB-8687-4256-9832-CA7D1AC7FB91}.AppStore|iPhoneSimulator.Deploy.0 = Release|Any CPU
		{D90AC6CB-8687-4256-9832-CA7D1AC7FB91}.AppStore|x64.ActiveCfg = Release|Any CPU
		{D90AC6CB-8687-4256-9832-CA7D1AC7FB91}.AppStore|x64.Build.0 = Release|Any CPU
		{D90AC6CB-8687-4256-9832-CA7D1AC7FB91}.AppStore|x64.Deploy.0 = Release|Any CPU
		{D90AC6CB-8687-4256-9832-CA7D1AC7FB91}.AppStore|x86.ActiveCfg = Release|x86
		{D90AC6CB-8687-4256-9832-CA7D1AC7FB91}.AppStore|x86.Build.0 = Release|x86
		{D90AC6CB-8687-4256-9832-CA7D1AC7FB91}.AppStore|x86.Deploy.0 = Release|x86
		{D90AC6CB-8687-4256-9832-CA7D1AC7FB91}.Debug|Any CPU.ActiveCfg = Debug|Any CPU
		{D90AC6CB-8687-4256-9832-CA7D1AC7FB91}.Debug|Any CPU.Build.0 = Debug|Any CPU
		{D90AC6CB-8687-4256-9832-CA7D1AC7FB91}.Debug|Any CPU.Deploy.0 = Debug|Any CPU
		{D90AC6CB-8687-4256-9832-CA7D1AC7FB91}.Debug|ARM.ActiveCfg = Debug|ARM
		{D90AC6CB-8687-4256-9832-CA7D1AC7FB91}.Debug|ARM.Build.0 = Debug|ARM
		{D90AC6CB-8687-4256-9832-CA7D1AC7FB91}.Debug|ARM.Deploy.0 = Debug|ARM
		{D90AC6CB-8687-4256-9832-CA7D1AC7FB91}.Debug|iPhone.ActiveCfg = Debug|Any CPU
		{D90AC6CB-8687-4256-9832-CA7D1AC7FB91}.Debug|iPhone.Build.0 = Debug|Any CPU
		{D90AC6CB-8687-4256-9832-CA7D1AC7FB91}.Debug|iPhone.Deploy.0 = Debug|Any CPU
		{D90AC6CB-8687-4256-9832-CA7D1AC7FB91}.Debug|iPhoneSimulator.ActiveCfg = Debug|Any CPU
		{D90AC6CB-8687-4256-9832-CA7D1AC7FB91}.Debug|iPhoneSimulator.Build.0 = Debug|Any CPU
		{D90AC6CB-8687-4256-9832-CA7D1AC7FB91}.Debug|iPhoneSimulator.Deploy.0 = Debug|Any CPU
		{D90AC6CB-8687-4256-9832-CA7D1AC7FB91}.Debug|x64.ActiveCfg = Debug|Any CPU
		{D90AC6CB-8687-4256-9832-CA7D1AC7FB91}.Debug|x64.Build.0 = Debug|Any CPU
		{D90AC6CB-8687-4256-9832-CA7D1AC7FB91}.Debug|x64.Deploy.0 = Debug|Any CPU
		{D90AC6CB-8687-4256-9832-CA7D1AC7FB91}.Debug|x86.ActiveCfg = Debug|x86
		{D90AC6CB-8687-4256-9832-CA7D1AC7FB91}.Debug|x86.Build.0 = Debug|x86
		{D90AC6CB-8687-4256-9832-CA7D1AC7FB91}.Debug|x86.Deploy.0 = Debug|x86
		{D90AC6CB-8687-4256-9832-CA7D1AC7FB91}.Release|Any CPU.ActiveCfg = Release|Any CPU
		{D90AC6CB-8687-4256-9832-CA7D1AC7FB91}.Release|Any CPU.Build.0 = Release|Any CPU
		{D90AC6CB-8687-4256-9832-CA7D1AC7FB91}.Release|Any CPU.Deploy.0 = Release|Any CPU
		{D90AC6CB-8687-4256-9832-CA7D1AC7FB91}.Release|ARM.ActiveCfg = Release|ARM
		{D90AC6CB-8687-4256-9832-CA7D1AC7FB91}.Release|ARM.Build.0 = Release|ARM
		{D90AC6CB-8687-4256-9832-CA7D1AC7FB91}.Release|ARM.Deploy.0 = Release|ARM
		{D90AC6CB-8687-4256-9832-CA7D1AC7FB91}.Release|iPhone.ActiveCfg = Release|Any CPU
		{D90AC6CB-8687-4256-9832-CA7D1AC7FB91}.Release|iPhone.Build.0 = Release|Any CPU
		{D90AC6CB-8687-4256-9832-CA7D1AC7FB91}.Release|iPhone.Deploy.0 = Release|Any CPU
		{D90AC6CB-8687-4256-9832-CA7D1AC7FB91}.Release|iPhoneSimulator.ActiveCfg = Release|Any CPU
		{D90AC6CB-8687-4256-9832-CA7D1AC7FB91}.Release|iPhoneSimulator.Build.0 = Release|Any CPU
		{D90AC6CB-8687-4256-9832-CA7D1AC7FB91}.Release|iPhoneSimulator.Deploy.0 = Release|Any CPU
		{D90AC6CB-8687-4256-9832-CA7D1AC7FB91}.Release|x64.ActiveCfg = Release|Any CPU
		{D90AC6CB-8687-4256-9832-CA7D1AC7FB91}.Release|x64.Build.0 = Release|Any CPU
		{D90AC6CB-8687-4256-9832-CA7D1AC7FB91}.Release|x64.Deploy.0 = Release|Any CPU
		{D90AC6CB-8687-4256-9832-CA7D1AC7FB91}.Release|x86.ActiveCfg = Release|x86
		{D90AC6CB-8687-4256-9832-CA7D1AC7FB91}.Release|x86.Build.0 = Release|x86
		{D90AC6CB-8687-4256-9832-CA7D1AC7FB91}.Release|x86.Deploy.0 = Release|x86
		{50D6341F-D18E-46B5-9DDD-D1F12FD9AA04}.Ad-Hoc|Any CPU.ActiveCfg = Release|x86
		{50D6341F-D18E-46B5-9DDD-D1F12FD9AA04}.Ad-Hoc|Any CPU.Build.0 = Release|x86
		{50D6341F-D18E-46B5-9DDD-D1F12FD9AA04}.Ad-Hoc|Any CPU.Deploy.0 = Release|x86
		{50D6341F-D18E-46B5-9DDD-D1F12FD9AA04}.Ad-Hoc|ARM.ActiveCfg = Release|ARM
		{50D6341F-D18E-46B5-9DDD-D1F12FD9AA04}.Ad-Hoc|ARM.Build.0 = Release|ARM
		{50D6341F-D18E-46B5-9DDD-D1F12FD9AA04}.Ad-Hoc|ARM.Deploy.0 = Release|ARM
		{50D6341F-D18E-46B5-9DDD-D1F12FD9AA04}.Ad-Hoc|iPhone.ActiveCfg = Release|x86
		{50D6341F-D18E-46B5-9DDD-D1F12FD9AA04}.Ad-Hoc|iPhone.Build.0 = Release|x86
		{50D6341F-D18E-46B5-9DDD-D1F12FD9AA04}.Ad-Hoc|iPhone.Deploy.0 = Release|x86
		{50D6341F-D18E-46B5-9DDD-D1F12FD9AA04}.Ad-Hoc|iPhoneSimulator.ActiveCfg = Release|x86
		{50D6341F-D18E-46B5-9DDD-D1F12FD9AA04}.Ad-Hoc|iPhoneSimulator.Build.0 = Release|x86
		{50D6341F-D18E-46B5-9DDD-D1F12FD9AA04}.Ad-Hoc|iPhoneSimulator.Deploy.0 = Release|x86
		{50D6341F-D18E-46B5-9DDD-D1F12FD9AA04}.Ad-Hoc|x64.ActiveCfg = Release|x64
		{50D6341F-D18E-46B5-9DDD-D1F12FD9AA04}.Ad-Hoc|x64.Build.0 = Release|x64
		{50D6341F-D18E-46B5-9DDD-D1F12FD9AA04}.Ad-Hoc|x64.Deploy.0 = Release|x64
		{50D6341F-D18E-46B5-9DDD-D1F12FD9AA04}.Ad-Hoc|x86.ActiveCfg = Release|x86
		{50D6341F-D18E-46B5-9DDD-D1F12FD9AA04}.Ad-Hoc|x86.Build.0 = Release|x86
		{50D6341F-D18E-46B5-9DDD-D1F12FD9AA04}.Ad-Hoc|x86.Deploy.0 = Release|x86
		{50D6341F-D18E-46B5-9DDD-D1F12FD9AA04}.AppStore|Any CPU.ActiveCfg = Release|x86
		{50D6341F-D18E-46B5-9DDD-D1F12FD9AA04}.AppStore|Any CPU.Build.0 = Release|x86
		{50D6341F-D18E-46B5-9DDD-D1F12FD9AA04}.AppStore|Any CPU.Deploy.0 = Release|x86
		{50D6341F-D18E-46B5-9DDD-D1F12FD9AA04}.AppStore|ARM.ActiveCfg = Release|ARM
		{50D6341F-D18E-46B5-9DDD-D1F12FD9AA04}.AppStore|ARM.Build.0 = Release|ARM
		{50D6341F-D18E-46B5-9DDD-D1F12FD9AA04}.AppStore|ARM.Deploy.0 = Release|ARM
		{50D6341F-D18E-46B5-9DDD-D1F12FD9AA04}.AppStore|iPhone.ActiveCfg = Release|x86
		{50D6341F-D18E-46B5-9DDD-D1F12FD9AA04}.AppStore|iPhone.Build.0 = Release|x86
		{50D6341F-D18E-46B5-9DDD-D1F12FD9AA04}.AppStore|iPhone.Deploy.0 = Release|x86
		{50D6341F-D18E-46B5-9DDD-D1F12FD9AA04}.AppStore|iPhoneSimulator.ActiveCfg = Release|x86
		{50D6341F-D18E-46B5-9DDD-D1F12FD9AA04}.AppStore|iPhoneSimulator.Build.0 = Release|x86
		{50D6341F-D18E-46B5-9DDD-D1F12FD9AA04}.AppStore|iPhoneSimulator.Deploy.0 = Release|x86
		{50D6341F-D18E-46B5-9DDD-D1F12FD9AA04}.AppStore|x64.ActiveCfg = Release|x64
		{50D6341F-D18E-46B5-9DDD-D1F12FD9AA04}.AppStore|x64.Build.0 = Release|x64
		{50D6341F-D18E-46B5-9DDD-D1F12FD9AA04}.AppStore|x64.Deploy.0 = Release|x64
		{50D6341F-D18E-46B5-9DDD-D1F12FD9AA04}.AppStore|x86.ActiveCfg = Release|x86
		{50D6341F-D18E-46B5-9DDD-D1F12FD9AA04}.AppStore|x86.Build.0 = Release|x86
		{50D6341F-D18E-46B5-9DDD-D1F12FD9AA04}.AppStore|x86.Deploy.0 = Release|x86
		{50D6341F-D18E-46B5-9DDD-D1F12FD9AA04}.Debug|Any CPU.ActiveCfg = Debug|x86
		{50D6341F-D18E-46B5-9DDD-D1F12FD9AA04}.Debug|ARM.ActiveCfg = Debug|ARM
		{50D6341F-D18E-46B5-9DDD-D1F12FD9AA04}.Debug|ARM.Build.0 = Debug|ARM
		{50D6341F-D18E-46B5-9DDD-D1F12FD9AA04}.Debug|ARM.Deploy.0 = Debug|ARM
		{50D6341F-D18E-46B5-9DDD-D1F12FD9AA04}.Debug|iPhone.ActiveCfg = Debug|x86
		{50D6341F-D18E-46B5-9DDD-D1F12FD9AA04}.Debug|iPhoneSimulator.ActiveCfg = Debug|x86
		{50D6341F-D18E-46B5-9DDD-D1F12FD9AA04}.Debug|x64.ActiveCfg = Debug|x64
		{50D6341F-D18E-46B5-9DDD-D1F12FD9AA04}.Debug|x64.Build.0 = Debug|x64
		{50D6341F-D18E-46B5-9DDD-D1F12FD9AA04}.Debug|x64.Deploy.0 = Debug|x64
		{50D6341F-D18E-46B5-9DDD-D1F12FD9AA04}.Debug|x86.ActiveCfg = Debug|x86
		{50D6341F-D18E-46B5-9DDD-D1F12FD9AA04}.Debug|x86.Build.0 = Debug|x86
		{50D6341F-D18E-46B5-9DDD-D1F12FD9AA04}.Debug|x86.Deploy.0 = Debug|x86
		{50D6341F-D18E-46B5-9DDD-D1F12FD9AA04}.Release|Any CPU.ActiveCfg = Release|x86
		{50D6341F-D18E-46B5-9DDD-D1F12FD9AA04}.Release|ARM.ActiveCfg = Release|ARM
		{50D6341F-D18E-46B5-9DDD-D1F12FD9AA04}.Release|ARM.Build.0 = Release|ARM
		{50D6341F-D18E-46B5-9DDD-D1F12FD9AA04}.Release|ARM.Deploy.0 = Release|ARM
		{50D6341F-D18E-46B5-9DDD-D1F12FD9AA04}.Release|iPhone.ActiveCfg = Release|x86
		{50D6341F-D18E-46B5-9DDD-D1F12FD9AA04}.Release|iPhoneSimulator.ActiveCfg = Release|x86
		{50D6341F-D18E-46B5-9DDD-D1F12FD9AA04}.Release|x64.ActiveCfg = Release|x64
		{50D6341F-D18E-46B5-9DDD-D1F12FD9AA04}.Release|x64.Build.0 = Release|x64
		{50D6341F-D18E-46B5-9DDD-D1F12FD9AA04}.Release|x64.Deploy.0 = Release|x64
		{50D6341F-D18E-46B5-9DDD-D1F12FD9AA04}.Release|x86.ActiveCfg = Release|x86
		{50D6341F-D18E-46B5-9DDD-D1F12FD9AA04}.Release|x86.Build.0 = Release|x86
		{50D6341F-D18E-46B5-9DDD-D1F12FD9AA04}.Release|x86.Deploy.0 = Release|x86
		{10460848-EE07-489C-B2E5-DF5CAB01300F}.Ad-Hoc|Any CPU.ActiveCfg = Release|Any CPU
		{10460848-EE07-489C-B2E5-DF5CAB01300F}.Ad-Hoc|Any CPU.Build.0 = Release|Any CPU
		{10460848-EE07-489C-B2E5-DF5CAB01300F}.Ad-Hoc|Any CPU.Deploy.0 = Release|Any CPU
		{10460848-EE07-489C-B2E5-DF5CAB01300F}.Ad-Hoc|ARM.ActiveCfg = Release|ARM
		{10460848-EE07-489C-B2E5-DF5CAB01300F}.Ad-Hoc|ARM.Build.0 = Release|ARM
		{10460848-EE07-489C-B2E5-DF5CAB01300F}.Ad-Hoc|ARM.Deploy.0 = Release|ARM
		{10460848-EE07-489C-B2E5-DF5CAB01300F}.Ad-Hoc|iPhone.ActiveCfg = Release|Any CPU
		{10460848-EE07-489C-B2E5-DF5CAB01300F}.Ad-Hoc|iPhone.Build.0 = Release|Any CPU
		{10460848-EE07-489C-B2E5-DF5CAB01300F}.Ad-Hoc|iPhone.Deploy.0 = Release|Any CPU
		{10460848-EE07-489C-B2E5-DF5CAB01300F}.Ad-Hoc|iPhoneSimulator.ActiveCfg = Release|Any CPU
		{10460848-EE07-489C-B2E5-DF5CAB01300F}.Ad-Hoc|iPhoneSimulator.Build.0 = Release|Any CPU
		{10460848-EE07-489C-B2E5-DF5CAB01300F}.Ad-Hoc|iPhoneSimulator.Deploy.0 = Release|Any CPU
		{10460848-EE07-489C-B2E5-DF5CAB01300F}.Ad-Hoc|x64.ActiveCfg = Release|x64
		{10460848-EE07-489C-B2E5-DF5CAB01300F}.Ad-Hoc|x64.Build.0 = Release|x64
		{10460848-EE07-489C-B2E5-DF5CAB01300F}.Ad-Hoc|x64.Deploy.0 = Release|x64
		{10460848-EE07-489C-B2E5-DF5CAB01300F}.Ad-Hoc|x86.ActiveCfg = Release|x86
		{10460848-EE07-489C-B2E5-DF5CAB01300F}.Ad-Hoc|x86.Build.0 = Release|x86
		{10460848-EE07-489C-B2E5-DF5CAB01300F}.Ad-Hoc|x86.Deploy.0 = Release|x86
		{10460848-EE07-489C-B2E5-DF5CAB01300F}.AppStore|Any CPU.ActiveCfg = Release|Any CPU
		{10460848-EE07-489C-B2E5-DF5CAB01300F}.AppStore|Any CPU.Build.0 = Release|Any CPU
		{10460848-EE07-489C-B2E5-DF5CAB01300F}.AppStore|Any CPU.Deploy.0 = Release|Any CPU
		{10460848-EE07-489C-B2E5-DF5CAB01300F}.AppStore|ARM.ActiveCfg = Release|ARM
		{10460848-EE07-489C-B2E5-DF5CAB01300F}.AppStore|ARM.Build.0 = Release|ARM
		{10460848-EE07-489C-B2E5-DF5CAB01300F}.AppStore|ARM.Deploy.0 = Release|ARM
		{10460848-EE07-489C-B2E5-DF5CAB01300F}.AppStore|iPhone.ActiveCfg = Release|Any CPU
		{10460848-EE07-489C-B2E5-DF5CAB01300F}.AppStore|iPhone.Build.0 = Release|Any CPU
		{10460848-EE07-489C-B2E5-DF5CAB01300F}.AppStore|iPhone.Deploy.0 = Release|Any CPU
		{10460848-EE07-489C-B2E5-DF5CAB01300F}.AppStore|iPhoneSimulator.ActiveCfg = Release|Any CPU
		{10460848-EE07-489C-B2E5-DF5CAB01300F}.AppStore|iPhoneSimulator.Build.0 = Release|Any CPU
		{10460848-EE07-489C-B2E5-DF5CAB01300F}.AppStore|iPhoneSimulator.Deploy.0 = Release|Any CPU
		{10460848-EE07-489C-B2E5-DF5CAB01300F}.AppStore|x64.ActiveCfg = Release|x64
		{10460848-EE07-489C-B2E5-DF5CAB01300F}.AppStore|x64.Build.0 = Release|x64
		{10460848-EE07-489C-B2E5-DF5CAB01300F}.AppStore|x64.Deploy.0 = Release|x64
		{10460848-EE07-489C-B2E5-DF5CAB01300F}.AppStore|x86.ActiveCfg = Release|x86
		{10460848-EE07-489C-B2E5-DF5CAB01300F}.AppStore|x86.Build.0 = Release|x86
		{10460848-EE07-489C-B2E5-DF5CAB01300F}.AppStore|x86.Deploy.0 = Release|x86
		{10460848-EE07-489C-B2E5-DF5CAB01300F}.Debug|Any CPU.ActiveCfg = Debug|Any CPU
		{10460848-EE07-489C-B2E5-DF5CAB01300F}.Debug|Any CPU.Build.0 = Debug|Any CPU
		{10460848-EE07-489C-B2E5-DF5CAB01300F}.Debug|Any CPU.Deploy.0 = Debug|Any CPU
		{10460848-EE07-489C-B2E5-DF5CAB01300F}.Debug|ARM.ActiveCfg = Debug|ARM
		{10460848-EE07-489C-B2E5-DF5CAB01300F}.Debug|ARM.Build.0 = Debug|ARM
		{10460848-EE07-489C-B2E5-DF5CAB01300F}.Debug|ARM.Deploy.0 = Debug|ARM
		{10460848-EE07-489C-B2E5-DF5CAB01300F}.Debug|iPhone.ActiveCfg = Debug|Any CPU
		{10460848-EE07-489C-B2E5-DF5CAB01300F}.Debug|iPhone.Build.0 = Debug|Any CPU
		{10460848-EE07-489C-B2E5-DF5CAB01300F}.Debug|iPhone.Deploy.0 = Debug|Any CPU
		{10460848-EE07-489C-B2E5-DF5CAB01300F}.Debug|iPhoneSimulator.ActiveCfg = Debug|Any CPU
		{10460848-EE07-489C-B2E5-DF5CAB01300F}.Debug|iPhoneSimulator.Build.0 = Debug|Any CPU
		{10460848-EE07-489C-B2E5-DF5CAB01300F}.Debug|iPhoneSimulator.Deploy.0 = Debug|Any CPU
		{10460848-EE07-489C-B2E5-DF5CAB01300F}.Debug|x64.ActiveCfg = Debug|x64
		{10460848-EE07-489C-B2E5-DF5CAB01300F}.Debug|x64.Build.0 = Debug|x64
		{10460848-EE07-489C-B2E5-DF5CAB01300F}.Debug|x64.Deploy.0 = Debug|x64
		{10460848-EE07-489C-B2E5-DF5CAB01300F}.Debug|x86.ActiveCfg = Debug|x86
		{10460848-EE07-489C-B2E5-DF5CAB01300F}.Debug|x86.Build.0 = Debug|x86
		{10460848-EE07-489C-B2E5-DF5CAB01300F}.Debug|x86.Deploy.0 = Debug|x86
		{10460848-EE07-489C-B2E5-DF5CAB01300F}.Release|Any CPU.ActiveCfg = Release|Any CPU
		{10460848-EE07-489C-B2E5-DF5CAB01300F}.Release|Any CPU.Build.0 = Release|Any CPU
		{10460848-EE07-489C-B2E5-DF5CAB01300F}.Release|Any CPU.Deploy.0 = Release|Any CPU
		{10460848-EE07-489C-B2E5-DF5CAB01300F}.Release|ARM.ActiveCfg = Release|ARM
		{10460848-EE07-489C-B2E5-DF5CAB01300F}.Release|ARM.Build.0 = Release|ARM
		{10460848-EE07-489C-B2E5-DF5CAB01300F}.Release|ARM.Deploy.0 = Release|ARM
		{10460848-EE07-489C-B2E5-DF5CAB01300F}.Release|iPhone.ActiveCfg = Release|Any CPU
		{10460848-EE07-489C-B2E5-DF5CAB01300F}.Release|iPhone.Build.0 = Release|Any CPU
		{10460848-EE07-489C-B2E5-DF5CAB01300F}.Release|iPhone.Deploy.0 = Release|Any CPU
		{10460848-EE07-489C-B2E5-DF5CAB01300F}.Release|iPhoneSimulator.ActiveCfg = Release|Any CPU
		{10460848-EE07-489C-B2E5-DF5CAB01300F}.Release|iPhoneSimulator.Build.0 = Release|Any CPU
		{10460848-EE07-489C-B2E5-DF5CAB01300F}.Release|iPhoneSimulator.Deploy.0 = Release|Any CPU
		{10460848-EE07-489C-B2E5-DF5CAB01300F}.Release|x64.ActiveCfg = Release|x64
		{10460848-EE07-489C-B2E5-DF5CAB01300F}.Release|x64.Build.0 = Release|x64
		{10460848-EE07-489C-B2E5-DF5CAB01300F}.Release|x64.Deploy.0 = Release|x64
		{10460848-EE07-489C-B2E5-DF5CAB01300F}.Release|x86.ActiveCfg = Release|x86
		{10460848-EE07-489C-B2E5-DF5CAB01300F}.Release|x86.Build.0 = Release|x86
		{10460848-EE07-489C-B2E5-DF5CAB01300F}.Release|x86.Deploy.0 = Release|x86
	EndGlobalSection
	GlobalSection(SolutionProperties) = preSolution
		HideSolutionNode = FALSE
	EndGlobalSection
EndGlobal
